
Microsoft Visual Studio Solution File, Format Version 12.00
# Visual Studio 14
VisualStudioVersion = 14.0.25420.1
MinimumVisualStudioVersion = 10.0.40219.1
Project("{FAE04EC0-301F-11D3-BF4B-00C04F79EFBC}") = "BV", "BV\BV.csproj", "{C1F62148-7745-41F4-876B-DF12B7A24C74}"
EndProject
Project("{FAE04EC0-301F-11D3-BF4B-00C04F79EFBC}") = "Oltp", "Oltp\Oltp.csproj", "{CFAE07E6-6F3F-47A0-BD55-C66610ADE871}"
EndProject
Project("{FAE04EC0-301F-11D3-BF4B-00C04F79EFBC}") = "ReportDefinitionLibrary", "ReportDefinitionLibrary\ReportDefinitionLibrary.csproj", "{F1EF29C8-B021-4CE2-B3BF-83DDD886F869}"
EndProject
Project("{FAE04EC0-301F-11D3-BF4B-00C04F79EFBC}") = "Data", "Data\Data.csproj", "{5AA49D47-D1BE-4DE8-8635-2C059853AD31}"
EndProject
Project("{FAE04EC0-301F-11D3-BF4B-00C04F79EFBC}") = "Core", "Core\Core.csproj", "{4926A864-49E7-4806-9576-D3E674723282}"
EndProject
Project("{FAE04EC0-301F-11D3-BF4B-00C04F79EFBC}") = "Impersonation", "Impersonation\Impersonation.csproj", "{0BAB92BD-CDF6-4BA8-B316-B0E156B46C5B}"
EndProject
Project("{FAE04EC0-301F-11D3-BF4B-00C04F79EFBC}") = "Pool", "Pool\Pool.csproj", "{B655D6EE-F3C8-4B65-A013-0C092622D094}"
EndProject
Project("{FAE04EC0-301F-11D3-BF4B-00C04F79EFBC}") = "Threading", "Threading\Threading.csproj", "{DDA7216A-5BBA-4BE6-85DD-AEE74FCDDD6C}"
EndProject
Project("{FAE04EC0-301F-11D3-BF4B-00C04F79EFBC}") = "Csla", "Csla\Csla.csproj", "{9DA591ED-C570-47AC-8E5D-35B039E07973}"
EndProject
Project("{FAE04EC0-301F-11D3-BF4B-00C04F79EFBC}") = "ActiveRecord", "ActiveRecord\ActiveRecord.csproj", "{F3C6AAF6-D521-491E-A8C1-051F0CAFB62C}"
EndProject
Project("{FAE04EC0-301F-11D3-BF4B-00C04F79EFBC}") = "SoftwareSystem", "SoftwareSystem\SoftwareSystem.csproj", "{D35DDD72-5DF0-451D-BD4C-172D097F81A9}"
EndProject
Project("{FAE04EC0-301F-11D3-BF4B-00C04F79EFBC}") = "BV.AppCode", "BV.AppCode\BV.AppCode.csproj", "{D0AF8632-1BC5-431E-9886-86EA6C0AD09B}"
EndProject
Project("{FAE04EC0-301F-11D3-BF4B-00C04F79EFBC}") = "BV.Security", "BV.Security\BV.Security.csproj", "{98CEB062-6406-45F8-81AC-79C4A69ADEBA}"
EndProject
Global
	GlobalSection(SolutionConfigurationPlatforms) = preSolution
		Alpha|Any CPU = Alpha|Any CPU
		Debug|Any CPU = Debug|Any CPU
		Release|Any CPU = Release|Any CPU
		Staging|Any CPU = Staging|Any CPU
	EndGlobalSection
	GlobalSection(ProjectConfigurationPlatforms) = postSolution
		{C1F62148-7745-41F4-876B-DF12B7A24C74}.Alpha|Any CPU.ActiveCfg = Release|Any CPU
		{C1F62148-7745-41F4-876B-DF12B7A24C74}.Alpha|Any CPU.Build.0 = Release|Any CPU
		{C1F62148-7745-41F4-876B-DF12B7A24C74}.Debug|Any CPU.ActiveCfg = Debug|Any CPU
		{C1F62148-7745-41F4-876B-DF12B7A24C74}.Debug|Any CPU.Build.0 = Debug|Any CPU
		{C1F62148-7745-41F4-876B-DF12B7A24C74}.Release|Any CPU.ActiveCfg = Release|Any CPU
		{C1F62148-7745-41F4-876B-DF12B7A24C74}.Release|Any CPU.Build.0 = Release|Any CPU
		{C1F62148-7745-41F4-876B-DF12B7A24C74}.Staging|Any CPU.ActiveCfg = Release|Any CPU
		{C1F62148-7745-41F4-876B-DF12B7A24C74}.Staging|Any CPU.Build.0 = Release|Any CPU
		{CFAE07E6-6F3F-47A0-BD55-C66610ADE871}.Alpha|Any CPU.ActiveCfg = Alpha|Any CPU
		{CFAE07E6-6F3F-47A0-BD55-C66610ADE871}.Alpha|Any CPU.Build.0 = Alpha|Any CPU
		{CFAE07E6-6F3F-47A0-BD55-C66610ADE871}.Debug|Any CPU.ActiveCfg = Debug|Any CPU
		{CFAE07E6-6F3F-47A0-BD55-C66610ADE871}.Debug|Any CPU.Build.0 = Debug|Any CPU
		{CFAE07E6-6F3F-47A0-BD55-C66610ADE871}.Release|Any CPU.ActiveCfg = Release|Any CPU
		{CFAE07E6-6F3F-47A0-BD55-C66610ADE871}.Release|Any CPU.Build.0 = Release|Any CPU
		{CFAE07E6-6F3F-47A0-BD55-C66610ADE871}.Staging|Any CPU.ActiveCfg = Staging|Any CPU
		{CFAE07E6-6F3F-47A0-BD55-C66610ADE871}.Staging|Any CPU.Build.0 = Staging|Any CPU
		{F1EF29C8-B021-4CE2-B3BF-83DDD886F869}.Alpha|Any CPU.ActiveCfg = Alpha|Any CPU
		{F1EF29C8-B021-4CE2-B3BF-83DDD886F869}.Alpha|Any CPU.Build.0 = Alpha|Any CPU
		{F1EF29C8-B021-4CE2-B3BF-83DDD886F869}.Debug|Any CPU.ActiveCfg = Debug|Any CPU
		{F1EF29C8-B021-4CE2-B3BF-83DDD886F869}.Debug|Any CPU.Build.0 = Debug|Any CPU
		{F1EF29C8-B021-4CE2-B3BF-83DDD886F869}.Release|Any CPU.ActiveCfg = Release|Any CPU
		{F1EF29C8-B021-4CE2-B3BF-83DDD886F869}.Release|Any CPU.Build.0 = Release|Any CPU
		{F1EF29C8-B021-4CE2-B3BF-83DDD886F869}.Staging|Any CPU.ActiveCfg = Staging|Any CPU
		{F1EF29C8-B021-4CE2-B3BF-83DDD886F869}.Staging|Any CPU.Build.0 = Staging|Any CPU
		{5AA49D47-D1BE-4DE8-8635-2C059853AD31}.Alpha|Any CPU.ActiveCfg = Alpha|Any CPU
		{5AA49D47-D1BE-4DE8-8635-2C059853AD31}.Alpha|Any CPU.Build.0 = Alpha|Any CPU
		{5AA49D47-D1BE-4DE8-8635-2C059853AD31}.Debug|Any CPU.ActiveCfg = Debug|Any CPU
		{5AA49D47-D1BE-4DE8-8635-2C059853AD31}.Debug|Any CPU.Build.0 = Debug|Any CPU
		{5AA49D47-D1BE-4DE8-8635-2C059853AD31}.Release|Any CPU.ActiveCfg = Release|Any CPU
		{5AA49D47-D1BE-4DE8-8635-2C059853AD31}.Release|Any CPU.Build.0 = Release|Any CPU
		{5AA49D47-D1BE-4DE8-8635-2C059853AD31}.Staging|Any CPU.ActiveCfg = Staging|Any CPU
		{5AA49D47-D1BE-4DE8-8635-2C059853AD31}.Staging|Any CPU.Build.0 = Staging|Any CPU
		{4926A864-49E7-4806-9576-D3E674723282}.Alpha|Any CPU.ActiveCfg = Alpha|Any CPU
		{4926A864-49E7-4806-9576-D3E674723282}.Alpha|Any CPU.Build.0 = Alpha|Any CPU
		{4926A864-49E7-4806-9576-D3E674723282}.Debug|Any CPU.ActiveCfg = Debug|Any CPU
		{4926A864-49E7-4806-9576-D3E674723282}.Debug|Any CPU.Build.0 = Debug|Any CPU
		{4926A864-49E7-4806-9576-D3E674723282}.Release|Any CPU.ActiveCfg = Release|Any CPU
		{4926A864-49E7-4806-9576-D3E674723282}.Release|Any CPU.Build.0 = Release|Any CPU
		{4926A864-49E7-4806-9576-D3E674723282}.Staging|Any CPU.ActiveCfg = Staging|Any CPU
		{4926A864-49E7-4806-9576-D3E674723282}.Staging|Any CPU.Build.0 = Staging|Any CPU
		{0BAB92BD-CDF6-4BA8-B316-B0E156B46C5B}.Alpha|Any CPU.ActiveCfg = Alpha|Any CPU
		{0BAB92BD-CDF6-4BA8-B316-B0E156B46C5B}.Alpha|Any CPU.Build.0 = Alpha|Any CPU
		{0BAB92BD-CDF6-4BA8-B316-B0E156B46C5B}.Debug|Any CPU.ActiveCfg = Debug|Any CPU
		{0BAB92BD-CDF6-4BA8-B316-B0E156B46C5B}.Debug|Any CPU.Build.0 = Debug|Any CPU
		{0BAB92BD-CDF6-4BA8-B316-B0E156B46C5B}.Release|Any CPU.ActiveCfg = Release|Any CPU
		{0BAB92BD-CDF6-4BA8-B316-B0E156B46C5B}.Release|Any CPU.Build.0 = Release|Any CPU
		{0BAB92BD-CDF6-4BA8-B316-B0E156B46C5B}.Staging|Any CPU.ActiveCfg = Staging|Any CPU
		{0BAB92BD-CDF6-4BA8-B316-B0E156B46C5B}.Staging|Any CPU.Build.0 = Staging|Any CPU
		{B655D6EE-F3C8-4B65-A013-0C092622D094}.Alpha|Any CPU.ActiveCfg = Alpha|Any CPU
		{B655D6EE-F3C8-4B65-A013-0C092622D094}.Alpha|Any CPU.Build.0 = Alpha|Any CPU
		{B655D6EE-F3C8-4B65-A013-0C092622D094}.Debug|Any CPU.ActiveCfg = Debug|Any CPU
		{B655D6EE-F3C8-4B65-A013-0C092622D094}.Debug|Any CPU.Build.0 = Debug|Any CPU
		{B655D6EE-F3C8-4B65-A013-0C092622D094}.Release|Any CPU.ActiveCfg = Release|Any CPU
		{B655D6EE-F3C8-4B65-A013-0C092622D094}.Release|Any CPU.Build.0 = Release|Any CPU
		{B655D6EE-F3C8-4B65-A013-0C092622D094}.Staging|Any CPU.ActiveCfg = Staging|Any CPU
		{B655D6EE-F3C8-4B65-A013-0C092622D094}.Staging|Any CPU.Build.0 = Staging|Any CPU
		{DDA7216A-5BBA-4BE6-85DD-AEE74FCDDD6C}.Alpha|Any CPU.ActiveCfg = Alpha|Any CPU
		{DDA7216A-5BBA-4BE6-85DD-AEE74FCDDD6C}.Alpha|Any CPU.Build.0 = Alpha|Any CPU
		{DDA7216A-5BBA-4BE6-85DD-AEE74FCDDD6C}.Debug|Any CPU.ActiveCfg = Debug|Any CPU
		{DDA7216A-5BBA-4BE6-85DD-AEE74FCDDD6C}.Debug|Any CPU.Build.0 = Debug|Any CPU
		{DDA7216A-5BBA-4BE6-85DD-AEE74FCDDD6C}.Release|Any CPU.ActiveCfg = Release|Any CPU
		{DDA7216A-5BBA-4BE6-85DD-AEE74FCDDD6C}.Release|Any CPU.Build.0 = Release|Any CPU
		{DDA7216A-5BBA-4BE6-85DD-AEE74FCDDD6C}.Staging|Any CPU.ActiveCfg = Staging|Any CPU
		{DDA7216A-5BBA-4BE6-85DD-AEE74FCDDD6C}.Staging|Any CPU.Build.0 = Staging|Any CPU
		{9DA591ED-C570-47AC-8E5D-35B039E07973}.Alpha|Any CPU.ActiveCfg = Alpha|Any CPU
		{9DA591ED-C570-47AC-8E5D-35B039E07973}.Alpha|Any CPU.Build.0 = Alpha|Any CPU
		{9DA591ED-C570-47AC-8E5D-35B039E07973}.Debug|Any CPU.ActiveCfg = Debug|Any CPU
		{9DA591ED-C570-47AC-8E5D-35B039E07973}.Debug|Any CPU.Build.0 = Debug|Any CPU
		{9DA591ED-C570-47AC-8E5D-35B039E07973}.Release|Any CPU.ActiveCfg = Release|Any CPU
		{9DA591ED-C570-47AC-8E5D-35B039E07973}.Release|Any CPU.Build.0 = Release|Any CPU
		{9DA591ED-C570-47AC-8E5D-35B039E07973}.Staging|Any CPU.ActiveCfg = Staging|Any CPU
		{9DA591ED-C570-47AC-8E5D-35B039E07973}.Staging|Any CPU.Build.0 = Staging|Any CPU
		{F3C6AAF6-D521-491E-A8C1-051F0CAFB62C}.Alpha|Any CPU.ActiveCfg = Alpha|Any CPU
		{F3C6AAF6-D521-491E-A8C1-051F0CAFB62C}.Alpha|Any CPU.Build.0 = Alpha|Any CPU
		{F3C6AAF6-D521-491E-A8C1-051F0CAFB62C}.Debug|Any CPU.ActiveCfg = Debug|Any CPU
		{F3C6AAF6-D521-491E-A8C1-051F0CAFB62C}.Debug|Any CPU.Build.0 = Debug|Any CPU
		{F3C6AAF6-D521-491E-A8C1-051F0CAFB62C}.Release|Any CPU.ActiveCfg = Release|Any CPU
		{F3C6AAF6-D521-491E-A8C1-051F0CAFB62C}.Release|Any CPU.Build.0 = Release|Any CPU
		{F3C6AAF6-D521-491E-A8C1-051F0CAFB62C}.Staging|Any CPU.ActiveCfg = Staging|Any CPU
		{F3C6AAF6-D521-491E-A8C1-051F0CAFB62C}.Staging|Any CPU.Build.0 = Staging|Any CPU
		{D35DDD72-5DF0-451D-BD4C-172D097F81A9}.Alpha|Any CPU.ActiveCfg = Alpha|Any CPU
		{D35DDD72-5DF0-451D-BD4C-172D097F81A9}.Alpha|Any CPU.Build.0 = Alpha|Any CPU
		{D35DDD72-5DF0-451D-BD4C-172D097F81A9}.Debug|Any CPU.ActiveCfg = Debug|Any CPU
		{D35DDD72-5DF0-451D-BD4C-172D097F81A9}.Debug|Any CPU.Build.0 = Debug|Any CPU
		{D35DDD72-5DF0-451D-BD4C-172D097F81A9}.Release|Any CPU.ActiveCfg = Release|Any CPU
		{D35DDD72-5DF0-451D-BD4C-172D097F81A9}.Release|Any CPU.Build.0 = Release|Any CPU
		{D35DDD72-5DF0-451D-BD4C-172D097F81A9}.Staging|Any CPU.ActiveCfg = Staging|Any CPU
		{D35DDD72-5DF0-451D-BD4C-172D097F81A9}.Staging|Any CPU.Build.0 = Staging|Any CPU
		{D0AF8632-1BC5-431E-9886-86EA6C0AD09B}.Alpha|Any CPU.ActiveCfg = Release|Any CPU
		{D0AF8632-1BC5-431E-9886-86EA6C0AD09B}.Alpha|Any CPU.Build.0 = Release|Any CPU
		{D0AF8632-1BC5-431E-9886-86EA6C0AD09B}.Debug|Any CPU.ActiveCfg = Debug|Any CPU
		{D0AF8632-1BC5-431E-9886-86EA6C0AD09B}.Debug|Any CPU.Build.0 = Debug|Any CPU
		{D0AF8632-1BC5-431E-9886-86EA6C0AD09B}.Release|Any CPU.ActiveCfg = Release|Any CPU
		{D0AF8632-1BC5-431E-9886-86EA6C0AD09B}.Release|Any CPU.Build.0 = Release|Any CPU
		{D0AF8632-1BC5-431E-9886-86EA6C0AD09B}.Staging|Any CPU.ActiveCfg = Release|Any CPU
		{D0AF8632-1BC5-431E-9886-86EA6C0AD09B}.Staging|Any CPU.Build.0 = Release|Any CPU
		{98CEB062-6406-45F8-81AC-79C4A69ADEBA}.Alpha|Any CPU.ActiveCfg = Release|Any CPU
		{98CEB062-6406-45F8-81AC-79C4A69ADEBA}.Alpha|Any CPU.Build.0 = Release|Any CPU
		{98CEB062-6406-45F8-81AC-79C4A69ADEBA}.Debug|Any CPU.ActiveCfg = Debug|Any CPU
		{98CEB062-6406-45F8-81AC-79C4A69ADEBA}.Debug|Any CPU.Build.0 = Debug|Any CPU
		{98CEB062-6406-45F8-81AC-79C4A69ADEBA}.Release|Any CPU.ActiveCfg = Release|Any CPU
		{98CEB062-6406-45F8-81AC-79C4A69ADEBA}.Release|Any CPU.Build.0 = Release|Any CPU
		{98CEB062-6406-45F8-81AC-79C4A69ADEBA}.Staging|Any CPU.ActiveCfg = Release|Any CPU
		{98CEB062-6406-45F8-81AC-79C4A69ADEBA}.Staging|Any CPU.Build.0 = Release|Any CPU
	EndGlobalSection
	GlobalSection(SolutionProperties) = preSolution
		HideSolutionNode = FALSE
	EndGlobalSection
EndGlobal
